// !$*UTF8*$!
{
	archiveVersion = 1;
	classes = {
	};
	objectVersion = 50;
	objects = {

/* Begin PBXBuildFile section */
		5840A71C24F04EE50030BE4F /* AppDelegate.swift in Sources */ = {isa = PBXBuildFile; fileRef = 5840A71B24F04EE50030BE4F /* AppDelegate.swift */; };
		5840A71E24F04EE50030BE4F /* SceneDelegate.swift in Sources */ = {isa = PBXBuildFile; fileRef = 5840A71D24F04EE50030BE4F /* SceneDelegate.swift */; };
		5840A72024F04EE50030BE4F /* ContentView.swift in Sources */ = {isa = PBXBuildFile; fileRef = 5840A71F24F04EE50030BE4F /* ContentView.swift */; };
		5840A72224F04EE60030BE4F /* Assets.xcassets in Resources */ = {isa = PBXBuildFile; fileRef = 5840A72124F04EE60030BE4F /* Assets.xcassets */; };
		5840A72524F04EE60030BE4F /* Preview Assets.xcassets in Resources */ = {isa = PBXBuildFile; fileRef = 5840A72424F04EE60030BE4F /* Preview Assets.xcassets */; };
		5840A72824F04EE60030BE4F /* LaunchScreen.storyboard in Resources */ = {isa = PBXBuildFile; fileRef = 5840A72624F04EE60030BE4F /* LaunchScreen.storyboard */; };
		5840A73324F04EE60030BE4F /* COVID19Tests.swift in Sources */ = {isa = PBXBuildFile; fileRef = 5840A73224F04EE60030BE4F /* COVID19Tests.swift */; };
		5840A73E24F04EE60030BE4F /* COVID19UITests.swift in Sources */ = {isa = PBXBuildFile; fileRef = 5840A73D24F04EE60030BE4F /* COVID19UITests.swift */; };
/* End PBXBuildFile section */

/* Begin PBXContainerItemProxy section */
		5840A72F24F04EE60030BE4F /* PBXContainerItemProxy */ = {
			isa = PBXContainerItemProxy;
			containerPortal = 5840A71024F04EE50030BE4F /* Project object */;
			proxyType = 1;
			remoteGlobalIDString = 5840A71724F04EE50030BE4F;
			remoteInfo = COVID19;
		};
		5840A73A24F04EE60030BE4F /* PBXContainerItemProxy */ = {
			isa = PBXContainerItemProxy;
			containerPortal = 5840A71024F04EE50030BE4F /* Project object */;
			proxyType = 1;
			remoteGlobalIDString = 5840A71724F04EE50030BE4F;
			remoteInfo = COVID19;
		};
/* End PBXContainerItemProxy section */

/* Begin PBXFileReference section */
		5840A71824F04EE50030BE4F /* COVID19.app */ = {isa = PBXFileReference; explicitFileType = wrapper.application; includeInIndex = 0; path = COVID19.app; sourceTree = BUILT_PRODUCTS_DIR; };
		5840A71B24F04EE50030BE4F /* AppDelegate.swift */ = {isa = PBXFileReference; lastKnownFileType = sourcecode.swift; path = AppDelegate.swift; sourceTree = "<group>"; };
		5840A71D24F04EE50030BE4F /* SceneDelegate.swift */ = {isa = PBXFileReference; lastKnownFileType = sourcecode.swift; path = SceneDelegate.swift; sourceTree = "<group>"; };
		5840A71F24F04EE50030BE4F /* ContentView.swift */ = {isa = PBXFileReference; lastKnownFileType = sourcecode.swift; path = ContentView.swift; sourceTree = "<group>"; };
		5840A72124F04EE60030BE4F /* Assets.xcassets */ = {isa = PBXFileReference; lastKnownFileType = folder.assetcatalog; path = Assets.xcassets; sourceTree = "<group>"; };
		5840A72424F04EE60030BE4F /* Preview Assets.xcassets */ = {isa = PBXFileReference; lastKnownFileType = folder.assetcatalog; path = "Preview Assets.xcassets"; sourceTree = "<group>"; };
		5840A72724F04EE60030BE4F /* Base */ = {isa = PBXFileReference; lastKnownFileType = file.storyboard; name = Base; path = Base.lproj/LaunchScreen.storyboard; sourceTree = "<group>"; };
		5840A72924F04EE60030BE4F /* Info.plist */ = {isa = PBXFileReference; lastKnownFileType = text.plist.xml; path = Info.plist; sourceTree = "<group>"; };
		5840A72E24F04EE60030BE4F /* COVID19Tests.xctest */ = {isa = PBXFileReference; explicitFileType = wrapper.cfbundle; includeInIndex = 0; path = COVID19Tests.xctest; sourceTree = BUILT_PRODUCTS_DIR; };
		5840A73224F04EE60030BE4F /* COVID19Tests.swift */ = {isa = PBXFileReference; lastKnownFileType = sourcecode.swift; path = COVID19Tests.swift; sourceTree = "<group>"; };
		5840A73424F04EE60030BE4F /* Info.plist */ = {isa = PBXFileReference; lastKnownFileType = text.plist.xml; path = Info.plist; sourceTree = "<group>"; };
		5840A73924F04EE60030BE4F /* COVID19UITests.xctest */ = {isa = PBXFileReference; explicitFileType = wrapper.cfbundle; includeInIndex = 0; path = COVID19UITests.xctest; sourceTree = BUILT_PRODUCTS_DIR; };
		5840A73D24F04EE60030BE4F /* COVID19UITests.swift */ = {isa = PBXFileReference; lastKnownFileType = sourcecode.swift; path = COVID19UITests.swift; sourceTree = "<group>"; };
		5840A73F24F04EE60030BE4F /* Info.plist */ = {isa = PBXFileReference; lastKnownFileType = text.plist.xml; path = Info.plist; sourceTree = "<group>"; };
/* End PBXFileReference section */

/* Begin PBXFrameworksBuildPhase section */
		5840A71524F04EE50030BE4F /* Frameworks */ = {
			isa = PBXFrameworksBuildPhase;
			buildActionMask = 2147483647;
			files = (
			);
			runOnlyForDeploymentPostprocessing = 0;
		};
		5840A72B24F04EE60030BE4F /* Frameworks */ = {
			isa = PBXFrameworksBuildPhase;
			buildActionMask = 2147483647;
			files = (
			);
			runOnlyForDeploymentPostprocessing = 0;
		};
		5840A73624F04EE60030BE4F /* Frameworks */ = {
			isa = PBXFrameworksBuildPhase;
			buildActionMask = 2147483647;
			files = (
			);
			runOnlyForDeploymentPostprocessing = 0;
		};
/* End PBXFrameworksBuildPhase section */

/* Begin PBXGroup section */
		5840A70F24F04EE50030BE4F = {
			isa = PBXGroup;
			children = (
				5840A71A24F04EE50030BE4F /* COVID19 */,
				5840A73124F04EE60030BE4F /* COVID19Tests */,
				5840A73C24F04EE60030BE4F /* COVID19UITests */,
				5840A71924F04EE50030BE4F /* Products */,
			);
			sourceTree = "<group>";
		};
		5840A71924F04EE50030BE4F /* Products */ = {
			isa = PBXGroup;
			children = (
				5840A71824F04EE50030BE4F /* COVID19.app */,
				5840A72E24F04EE60030BE4F /* COVID19Tests.xctest */,
				5840A73924F04EE60030BE4F /* COVID19UITests.xctest */,
			);
			name = Products;
			sourceTree = "<group>";
		};
		5840A71A24F04EE50030BE4F /* COVID19 */ = {
			isa = PBXGroup;
			children = (
				5840A71B24F04EE50030BE4F /* AppDelegate.swift */,
				5840A71D24F04EE50030BE4F /* SceneDelegate.swift */,
				5840A71F24F04EE50030BE4F /* ContentView.swift */,
				5840A72124F04EE60030BE4F /* Assets.xcassets */,
				5840A72624F04EE60030BE4F /* LaunchScreen.storyboard */,
				5840A72924F04EE60030BE4F /* Info.plist */,
				5840A72324F04EE60030BE4F /* Preview Content */,
			);
			path = COVID19;
			sourceTree = "<group>";
		};
		5840A72324F04EE60030BE4F /* Preview Content */ = {
			isa = PBXGroup;
			children = (
				5840A72424F04EE60030BE4F /* Preview Assets.xcassets */,
			);
			path = "Preview Content";
			sourceTree = "<group>";
		};
		5840A73124F04EE60030BE4F /* COVID19Tests */ = {
			isa = PBXGroup;
			children = (
				5840A73224F04EE60030BE4F /* COVID19Tests.swift */,
				5840A73424F04EE60030BE4F /* Info.plist */,
			);
			path = COVID19Tests;
			sourceTree = "<group>";
		};
		5840A73C24F04EE60030BE4F /* COVID19UITests */ = {
			isa = PBXGroup;
			children = (
				5840A73D24F04EE60030BE4F /* COVID19UITests.swift */,
				5840A73F24F04EE60030BE4F /* Info.plist */,
			);
			path = COVID19UITests;
			sourceTree = "<group>";
		};
/* End PBXGroup section */

/* Begin PBXNativeTarget section */
		5840A71724F04EE50030BE4F /* COVID19 */ = {
			isa = PBXNativeTarget;
			buildConfigurationList = 5840A74224F04EE60030BE4F /* Build configuration list for PBXNativeTarget "COVID19" */;
			buildPhases = (
				5840A71424F04EE50030BE4F /* Sources */,
				5840A71524F04EE50030BE4F /* Frameworks */,
				5840A71624F04EE50030BE4F /* Resources */,
			);
			buildRules = (
			);
			dependencies = (
			);
			name = COVID19;
			productName = COVID19;
			productReference = 5840A71824F04EE50030BE4F /* COVID19.app */;
			productType = "com.apple.product-type.application";
		};
		5840A72D24F04EE60030BE4F /* COVID19Tests */ = {
			isa = PBXNativeTarget;
			buildConfigurationList = 5840A74524F04EE60030BE4F /* Build configuration list for PBXNativeTarget "COVID19Tests" */;
			buildPhases = (
				5840A72A24F04EE60030BE4F /* Sources */,
				5840A72B24F04EE60030BE4F /* Frameworks */,
				5840A72C24F04EE60030BE4F /* Resources */,
			);
			buildRules = (
			);
			dependencies = (
				5840A73024F04EE60030BE4F /* PBXTargetDependency */,
			);
			name = COVID19Tests;
			productName = COVID19Tests;
			productReference = 5840A72E24F04EE60030BE4F /* COVID19Tests.xctest */;
			productType = "com.apple.product-type.bundle.unit-test";
		};
		5840A73824F04EE60030BE4F /* COVID19UITests */ = {
			isa = PBXNativeTarget;
			buildConfigurationList = 5840A74824F04EE60030BE4F /* Build configuration list for PBXNativeTarget "COVID19UITests" */;
			buildPhases = (
				5840A73524F04EE60030BE4F /* Sources */,
				5840A73624F04EE60030BE4F /* Frameworks */,
				5840A73724F04EE60030BE4F /* Resources */,
			);
			buildRules = (
			);
			dependencies = (
				5840A73B24F04EE60030BE4F /* PBXTargetDependency */,
			);
			name = COVID19UITests;
			productName = COVID19UITests;
			productReference = 5840A73924F04EE60030BE4F /* COVID19UITests.xctest */;
			productType = "com.apple.product-type.bundle.ui-testing";
		};
/* End PBXNativeTarget section */

/* Begin PBXProject section */
		5840A71024F04EE50030BE4F /* Project object */ = {
			isa = PBXProject;
			attributes = {
				LastSwiftUpdateCheck = 1200;
				LastUpgradeCheck = 1200;
				TargetAttributes = {
					5840A71724F04EE50030BE4F = {
						CreatedOnToolsVersion = 12.0;
					};
					5840A72D24F04EE60030BE4F = {
						CreatedOnToolsVersion = 12.0;
						TestTargetID = 5840A71724F04EE50030BE4F;
					};
					5840A73824F04EE60030BE4F = {
						CreatedOnToolsVersion = 12.0;
						TestTargetID = 5840A71724F04EE50030BE4F;
					};
				};
			};
			buildConfigurationList = 5840A71324F04EE50030BE4F /* Build configuration list for PBXProject "COVID19" */;
			compatibilityVersion = "Xcode 9.3";
			developmentRegion = en;
			hasScannedForEncodings = 0;
			knownRegions = (
				en,
				Base,
			);
			mainGroup = 5840A70F24F04EE50030BE4F;
			productRefGroup = 5840A71924F04EE50030BE4F /* Products */;
			projectDirPath = "";
			projectRoot = "";
			targets = (
				5840A71724F04EE50030BE4F /* COVID19 */,
				5840A72D24F04EE60030BE4F /* COVID19Tests */,
				5840A73824F04EE60030BE4F /* COVID19UITests */,
			);
		};
/* End PBXProject section */

/* Begin PBXResourcesBuildPhase section */
		5840A71624F04EE50030BE4F /* Resources */ = {
			isa = PBXResourcesBuildPhase;
			buildActionMask = 2147483647;
			files = (
				5840A72824F04EE60030BE4F /* LaunchScreen.storyboard in Resources */,
				5840A72524F04EE60030BE4F /* Preview Assets.xcassets in Resources */,
				5840A72224F04EE60030BE4F /* Assets.xcassets in Resources */,
			);
			runOnlyForDeploymentPostprocessing = 0;
		};
		5840A72C24F04EE60030BE4F /* Resources */ = {
			isa = PBXResourcesBuildPhase;
			buildActionMask = 2147483647;
			files = (
			);
			runOnlyForDeploymentPostprocessing = 0;
		};
		5840A73724F04EE60030BE4F /* Resources */ = {
			isa = PBXResourcesBuildPhase;
			buildActionMask = 2147483647;
			files = (
			);
			runOnlyForDeploymentPostprocessing = 0;
		};
/* End PBXResourcesBuildPhase section */

/* Begin PBXSourcesBuildPhase section */
		5840A71424F04EE50030BE4F /* Sources */ = {
			isa = PBXSourcesBuildPhase;
			buildActionMask = 2147483647;
			files = (
				5840A71C24F04EE50030BE4F /* AppDelegate.swift in Sources */,
				5840A71E24F04EE50030BE4F /* SceneDelegate.swift in Sources */,
				5840A72024F04EE50030BE4F /* ContentView.swift in Sources */,
			);
			runOnlyForDeploymentPostprocessing = 0;
		};
		5840A72A24F04EE60030BE4F /* Sources */ = {
			isa = PBXSourcesBuildPhase;
			buildActionMask = 2147483647;
			files = (
				5840A73324F04EE60030BE4F /* COVID19Tests.swift in Sources */,
			);
			runOnlyForDeploymentPostprocessing = 0;
		};
		5840A73524F04EE60030BE4F /* Sources */ = {
			isa = PBXSourcesBuildPhase;
			buildActionMask = 2147483647;
			files = (
				5840A73E24F04EE60030BE4F /* COVID19UITests.swift in Sources */,
			);
			runOnlyForDeploymentPostprocessing = 0;
		};
/* End PBXSourcesBuildPhase section */

/* Begin PBXTargetDependency section */
		5840A73024F04EE60030BE4F /* PBXTargetDependency */ = {
			isa = PBXTargetDependency;
			target = 5840A71724F04EE50030BE4F /* COVID19 */;
			targetProxy = 5840A72F24F04EE60030BE4F /* PBXContainerItemProxy */;
		};
		5840A73B24F04EE60030BE4F /* PBXTargetDependency */ = {
			isa = PBXTargetDependency;
			target = 5840A71724F04EE50030BE4F /* COVID19 */;
			targetProxy = 5840A73A24F04EE60030BE4F /* PBXContainerItemProxy */;
		};
/* End PBXTargetDependency section */

/* Begin PBXVariantGroup section */
		5840A72624F04EE60030BE4F /* LaunchScreen.storyboard */ = {
			isa = PBXVariantGroup;
			children = (
				5840A72724F04EE60030BE4F /* Base */,
			);
			name = LaunchScreen.storyboard;
			sourceTree = "<group>";
		};
/* End PBXVariantGroup section */

/* Begin XCBuildConfiguration section */
		5840A74024F04EE60030BE4F /* Debug */ = {
			isa = XCBuildConfiguration;
			buildSettings = {
				ALWAYS_SEARCH_USER_PATHS = NO;
				CLANG_ANALYZER_NONNULL = YES;
				CLANG_ANALYZER_NUMBER_OBJECT_CONVERSION = YES_AGGRESSIVE;
				CLANG_CXX_LANGUAGE_STANDARD = "gnu++14";
				CLANG_CXX_LIBRARY = "libc++";
				CLANG_ENABLE_MODULES = YES;
				CLANG_ENABLE_OBJC_ARC = YES;
				CLANG_ENABLE_OBJC_WEAK = YES;
				CLANG_WARN_BLOCK_CAPTURE_AUTORELEASING = YES;
				CLANG_WARN_BOOL_CONVERSION = YES;
				CLANG_WARN_COMMA = YES;
				CLANG_WARN_CONSTANT_CONVERSION = YES;
				CLANG_WARN_DEPRECATED_OBJC_IMPLEMENTATIONS = YES;
				CLANG_WARN_DIRECT_OBJC_ISA_USAGE = YES_ERROR;
				CLANG_WARN_DOCUMENTATION_COMMENTS = YES;
				CLANG_WARN_EMPTY_BODY = YES;
				CLANG_WARN_ENUM_CONVERSION = YES;
				CLANG_WARN_INFINITE_RECURSION = YES;
				CLANG_WARN_INT_CONVERSION = YES;
				CLANG_WARN_NON_LITERAL_NULL_CONVERSION = YES;
				CLANG_WARN_OBJC_IMPLICIT_RETAIN_SELF = YES;
				CLANG_WARN_OBJC_LITERAL_CONVERSION = YES;
				CLANG_WARN_OBJC_ROOT_CLASS = YES_ERROR;
				CLANG_WARN_QUOTED_INCLUDE_IN_FRAMEWORK_HEADER = YES;
				CLANG_WARN_RANGE_LOOP_ANALYSIS = YES;
				CLANG_WARN_STRICT_PROTOTYPES = YES;
				CLANG_WARN_SUSPICIOUS_MOVE = YES;
				CLANG_WARN_UNGUARDED_AVAILABILITY = YES_AGGRESSIVE;
				CLANG_WARN_UNREACHABLE_CODE = YES;
				CLANG_WARN__DUPLICATE_METHOD_MATCH = YES;
				COPY_PHASE_STRIP = NO;
				DEBUG_INFORMATION_FORMAT = dwarf;
				ENABLE_STRICT_OBJC_MSGSEND = YES;
				ENABLE_TESTABILITY = YES;
				GCC_C_LANGUAGE_STANDARD = gnu11;
				GCC_DYNAMIC_NO_PIC = NO;
				GCC_NO_COMMON_BLOCKS = YES;
				GCC_OPTIMIZATION_LEVEL = 0;
				GCC_PREPROCESSOR_DEFINITIONS = (
					"DEBUG=1",
					"$(inherited)",
				);
				GCC_WARN_64_TO_32_BIT_CONVERSION = YES;
				GCC_WARN_ABOUT_RETURN_TYPE = YES_ERROR;
				GCC_WARN_UNDECLARED_SELECTOR = YES;
				GCC_WARN_UNINITIALIZED_AUTOS = YES_AGGRESSIVE;
				GCC_WARN_UNUSED_FUNCTION = YES;
				GCC_WARN_UNUSED_VARIABLE = YES;
				IPHONEOS_DEPLOYMENT_TARGET = 14.0;
				MTL_ENABLE_DEBUG_INFO = INCLUDE_SOURCE;
				MTL_FAST_MATH = YES;
				ONLY_ACTIVE_ARCH = YES;
				SDKROOT = iphoneos;
				SWIFT_ACTIVE_COMPILATION_CONDITIONS = DEBUG;
				SWIFT_OPTIMIZATION_LEVEL = "-Onone";
			};
			name = Debug;
		};
		5840A74124F04EE60030BE4F /* Release */ = {
			isa = XCBuildConfiguration;
			buildSettings = {
				ALWAYS_SEARCH_USER_PATHS = NO;
				CLANG_ANALYZER_NONNULL = YES;
				CLANG_ANALYZER_NUMBER_OBJECT_CONVERSION = YES_AGGRESSIVE;
				CLANG_CXX_LANGUAGE_STANDARD = "gnu++14";
				CLANG_CXX_LIBRARY = "libc++";
				CLANG_ENABLE_MODULES = YES;
				CLANG_ENABLE_OBJC_ARC = YES;
				CLANG_ENABLE_OBJC_WEAK = YES;
				CLANG_WARN_BLOCK_CAPTURE_AUTORELEASING = YES;
				CLANG_WARN_BOOL_CONVERSION = YES;
				CLANG_WARN_COMMA = YES;
				CLANG_WARN_CONSTANT_CONVERSION = YES;
				CLANG_WARN_DEPRECATED_OBJC_IMPLEMENTATIONS = YES;
				CLANG_WARN_DIRECT_OBJC_ISA_USAGE = YES_ERROR;
				CLANG_WARN_DOCUMENTATION_COMMENTS = YES;
				CLANG_WARN_EMPTY_BODY = YES;
				CLANG_WARN_ENUM_CONVERSION = YES;
				CLANG_WARN_INFINITE_RECURSION = YES;
				CLANG_WARN_INT_CONVERSION = YES;
				CLANG_WARN_NON_LITERAL_NULL_CONVERSION = YES;
				CLANG_WARN_OBJC_IMPLICIT_RETAIN_SELF = YES;
				CLANG_WARN_OBJC_LITERAL_CONVERSION = YES;
				CLANG_WARN_OBJC_ROOT_CLASS = YES_ERROR;
				CLANG_WARN_QUOTED_INCLUDE_IN_FRAMEWORK_HEADER = YES;
				CLANG_WARN_RANGE_LOOP_ANALYSIS = YES;
				CLANG_WARN_STRICT_PROTOTYPES = YES;
				CLANG_WARN_SUSPICIOUS_MOVE = YES;
				CLANG_WARN_UNGUARDED_AVAILABILITY = YES_AGGRESSIVE;
				CLANG_WARN_UNREACHABLE_CODE = YES;
				CLANG_WARN__DUPLICATE_METHOD_MATCH = YES;
				COPY_PHASE_STRIP = NO;
				DEBUG_INFORMATION_FORMAT = "dwarf-with-dsym";
				ENABLE_NS_ASSERTIONS = NO;
				ENABLE_STRICT_OBJC_MSGSEND = YES;
				GCC_C_LANGUAGE_STANDARD = gnu11;
				GCC_NO_COMMON_BLOCKS = YES;
				GCC_WARN_64_TO_32_BIT_CONVERSION = YES;
				GCC_WARN_ABOUT_RETURN_TYPE = YES_ERROR;
				GCC_WARN_UNDECLARED_SELECTOR = YES;
				GCC_WARN_UNINITIALIZED_AUTOS = YES_AGGRESSIVE;
				GCC_WARN_UNUSED_FUNCTION = YES;
				GCC_WARN_UNUSED_VARIABLE = YES;
				IPHONEOS_DEPLOYMENT_TARGET = 14.0;
				MTL_ENABLE_DEBUG_INFO = NO;
				MTL_FAST_MATH = YES;
				SDKROOT = iphoneos;
				SWIFT_COMPILATION_MODE = wholemodule;
				SWIFT_OPTIMIZATION_LEVEL = "-O";
				VALIDATE_PRODUCT = YES;
			};
			name = Release;
		};
		5840A74324F04EE60030BE4F /* Debug */ = {
			isa = XCBuildConfiguration;
			buildSettings = {
				ASSETCATALOG_COMPILER_APPICON_NAME = AppIcon;
				ASSETCATALOG_COMPILER_GLOBAL_ACCENT_COLOR_NAME = AccentColor;
				CODE_SIGN_STYLE = Automatic;
				DEVELOPMENT_ASSET_PATHS = "\"COVID19/Preview Content\"";
				DEVELOPMENT_TEAM = AR5Y24XRJU;
				ENABLE_PREVIEWS = YES;
				INFOPLIST_FILE = COVID19/Info.plist;
				LD_RUNPATH_SEARCH_PATHS = (
					"$(inherited)",
					"@executable_path/Frameworks",
				);
				PRODUCT_BUNDLE_IDENTIFIER = at.ralph.schnalzenberger.COVID19;
				PRODUCT_NAME = "$(TARGET_NAME)";
				SWIFT_VERSION = 5.0;
				TARGETED_DEVICE_FAMILY = "1,2";
			};
			name = Debug;
		};
		5840A74424F04EE60030BE4F /* Release */ = {
			isa = XCBuildConfiguration;
			buildSettings = {
				ASSETCATALOG_COMPILER_APPICON_NAME = AppIcon;
				ASSETCATALOG_COMPILER_GLOBAL_ACCENT_COLOR_NAME = AccentColor;
				CODE_SIGN_STYLE = Automatic;
				DEVELOPMENT_ASSET_PATHS = "\"COVID19/Preview Content\"";
				DEVELOPMENT_TEAM = AR5Y24XRJU;
				ENABLE_PREVIEWS = YES;
				INFOPLIST_FILE = COVID19/Info.plist;
				LD_RUNPATH_SEARCH_PATHS = (
					"$(inherited)",
					"@executable_path/Frameworks",
				);
				PRODUCT_BUNDLE_IDENTIFIER = at.ralph.schnalzenberger.COVID19;
				PRODUCT_NAME = "$(TARGET_NAME)";
				SWIFT_VERSION = 5.0;
				TARGETED_DEVICE_FAMILY = "1,2";
			};
			name = Release;
		};
		5840A74624F04EE60030BE4F /* Debug */ = {
			isa = XCBuildConfiguration;
			buildSettings = {
				ALWAYS_EMBED_SWIFT_STANDARD_LIBRARIES = YES;
				BUNDLE_LOADER = "$(TEST_HOST)";
				CODE_SIGN_STYLE = Automatic;
				DEVELOPMENT_TEAM = AR5Y24XRJU;
				INFOPLIST_FILE = COVID19Tests/Info.plist;
				IPHONEOS_DEPLOYMENT_TARGET = 14.0;
				LD_RUNPATH_SEARCH_PATHS = (
					"$(inherited)",
					"@executable_path/Frameworks",
					"@loader_path/Frameworks",
				);
				PRODUCT_BUNDLE_IDENTIFIER = at.ralph.schnalzenberger.COVID19Tests;
				PRODUCT_NAME = "$(TARGET_NAME)";
				SWIFT_VERSION = 5.0;
				TARGETED_DEVICE_FAMILY = "1,2";
				TEST_HOST = "$(BUILT_PRODUCTS_DIR)/COVID19.app/COVID19";
			};
			name = Debug;
		};
		5840A74724F04EE60030BE4F /* Release */ = {
			isa = XCBuildConfiguration;
			buildSettings = {
				ALWAYS_EMBED_SWIFT_STANDARD_LIBRARIES = YES;
				BUNDLE_LOADER = "$(TEST_HOST)";
				CODE_SIGN_STYLE = Automatic;
				DEVELOPMENT_TEAM = AR5Y24XRJU;
				INFOPLIST_FILE = COVID19Tests/Info.plist;
				IPHONEOS_DEPLOYMENT_TARGET = 14.0;
				LD_RUNPATH_SEARCH_PATHS = (
					"$(inherited)",
					"@executable_path/Frameworks",
					"@loader_path/Frameworks",
				);
				PRODUCT_BUNDLE_IDENTIFIER = at.ralph.schnalzenberger.COVID19Tests;
				PRODUCT_NAME = "$(TARGET_NAME)";
				SWIFT_VERSION = 5.0;
				TARGETED_DEVICE_FAMILY = "1,2";
				TEST_HOST = "$(BUILT_PRODUCTS_DIR)/COVID19.app/COVID19";
			};
			name = Release;
		};
		5840A74924F04EE60030BE4F /* Debug */ = {
			isa = XCBuildConfiguration;
			buildSettings = {
				ALWAYS_EMBED_SWIFT_STANDARD_LIBRARIES = YES;
				CODE_SIGN_STYLE = Automatic;
				DEVELOPMENT_TEAM = AR5Y24XRJU;
				INFOPLIST_FILE = COVID19UITests/Info.plist;
				LD_RUNPATH_SEARCH_PATHS = (
					"$(inherited)",
					"@executable_path/Frameworks",
					"@loader_path/Frameworks",
				);
				PRODUCT_BUNDLE_IDENTIFIER = at.ralph.schnalzenberger.COVID19UITests;
				PRODUCT_NAME = "$(TARGET_NAME)";
				SWIFT_VERSION = 5.0;
				TARGETED_DEVICE_FAMILY = "1,2";
				TEST_TARGET_NAME = COVID19;
			};
			name = Debug;
		};
		5840A74A24F04EE60030BE4F /* Release */ = {
			isa = XCBuildConfiguration;
			buildSettings = {
				ALWAYS_EMBED_SWIFT_STANDARD_LIBRARIES = YES;
				CODE_SIGN_STYLE = Automatic;
				DEVELOPMENT_TEAM = AR5Y24XRJU;
				INFOPLIST_FILE = COVID19UITests/Info.plist;
				LD_RUNPATH_SEARCH_PATHS = (
					"$(inherited)",
					"@executable_path/Frameworks",
					"@loader_path/Frameworks",
				);
				PRODUCT_BUNDLE_IDENTIFIER = at.ralph.schnalzenberger.COVID19UITests;
				PRODUCT_NAME = "$(TARGET_NAME)";
				SWIFT_VERSION = 5.0;
				TARGETED_DEVICE_FAMILY = "1,2";
				TEST_TARGET_NAME = COVID19;
			};
			name = Release;
		};
/* End XCBuildConfiguration section */

/* Begin XCConfigurationList section */
		5840A71324F04EE50030BE4F /* Build configuration list for PBXProject "COVID19" */ = {
			isa = XCConfigurationList;
			buildConfigurations = (
				5840A74024F04EE60030BE4F /* Debug */,
				5840A74124F04EE60030BE4F /* Release */,
			);
			defaultConfigurationIsVisible = 0;
			defaultConfigurationName = Release;
		};
		5840A74224F04EE60030BE4F /* Build configuration list for PBXNativeTarget "COVID19" */ = {
			isa = XCConfigurationList;
			buildConfigurations = (
				5840A74324F04EE60030BE4F /* Debug */,
				5840A74424F04EE60030BE4F /* Release */,
			);
			defaultConfigurationIsVisible = 0;
			defaultConfigurationName = Release;
		};
		5840A74524F04EE60030BE4F /* Build configuration list for PBXNativeTarget "COVID19Tests" */ = {
			isa = XCConfigurationList;
			buildConfigurations = (
				5840A74624F04EE60030BE4F /* Debug */,
				5840A74724F04EE60030BE4F /* Release */,
			);
			defaultConfigurationIsVisible = 0;
			defaultConfigurationName = Release;
		};
		5840A74824F04EE60030BE4F /* Build configuration list for PBXNativeTarget "COVID19UITests" */ = {
			isa = XCConfigurationList;
			buildConfigurations = (
				5840A74924F04EE60030BE4F /* Debug */,
				5840A74A24F04EE60030BE4F /* Release */,
			);
			defaultConfigurationIsVisible = 0;
			defaultConfigurationName = Release;
		};
/* End XCConfigurationList section */
	};
	rootObject = 5840A71024F04EE50030BE4F /* Project object */;
}
